
Microsoft Visual Studio Solution File, Format Version 12.00
# Visual Studio Version 17
VisualStudioVersion = 17.13.35806.99
MinimumVisualStudioVersion = 10.0.40219.1
Project("{FAE04EC0-301F-11D3-BF4B-00C04F79EFBC}") = "prototype", "prototype\prototype.csproj", "{14E2AACE-6B72-4A9A-8A2B-087D0F8CC96A}"
EndProject
Project("{FAE04EC0-301F-11D3-BF4B-00C04F79EFBC}") = "proxy", "proxy\proxy.csproj", "{2B812845-BD12-47B6-B071-164014BEB89D}"
EndProject
Project("{FAE04EC0-301F-11D3-BF4B-00C04F79EFBC}") = "Mediator", "Mediator\Mediator.csproj", "{BAA69289-D450-44F9-82DE-CBCC35EBDE2B}"
EndProject
Global
	GlobalSection(SolutionConfigurationPlatforms) = preSolution
		Debug|Any CPU = Debug|Any CPU
		Release|Any CPU = Release|Any CPU
	EndGlobalSection
	GlobalSection(ProjectConfigurationPlatforms) = postSolution
		{14E2AACE-6B72-4A9A-8A2B-087D0F8CC96A}.Debug|Any CPU.ActiveCfg = Debug|Any CPU
		{14E2AACE-6B72-4A9A-8A2B-087D0F8CC96A}.Debug|Any CPU.Build.0 = Debug|Any CPU
		{14E2AACE-6B72-4A9A-8A2B-087D0F8CC96A}.Release|Any CPU.ActiveCfg = Release|Any CPU
		{14E2AACE-6B72-4A9A-8A2B-087D0F8CC96A}.Release|Any CPU.Build.0 = Release|Any CPU
		{2B812845-BD12-47B6-B071-164014BEB89D}.Debug|Any CPU.ActiveCfg = Debug|Any CPU
		{2B812845-BD12-47B6-B071-164014BEB89D}.Debug|Any CPU.Build.0 = Debug|Any CPU
		{2B812845-BD12-47B6-B071-164014BEB89D}.Release|Any CPU.ActiveCfg = Release|Any CPU
		{2B812845-BD12-47B6-B071-164014BEB89D}.Release|Any CPU.Build.0 = Release|Any CPU
		{BAA69289-D450-44F9-82DE-CBCC35EBDE2B}.Debug|Any CPU.ActiveCfg = Debug|Any CPU
		{BAA69289-D450-44F9-82DE-CBCC35EBDE2B}.Debug|Any CPU.Build.0 = Debug|Any CPU
		{BAA69289-D450-44F9-82DE-CBCC35EBDE2B}.Release|Any CPU.ActiveCfg = Release|Any CPU
		{BAA69289-D450-44F9-82DE-CBCC35EBDE2B}.Release|Any CPU.Build.0 = Release|Any CPU
	EndGlobalSection
	GlobalSection(SolutionProperties) = preSolution
		HideSolutionNode = FALSE
	EndGlobalSection
	GlobalSection(ExtensibilityGlobals) = postSolution
		SolutionGuid = {6129005A-B345-4C91-8A6B-5A52BF537EDB}
	EndGlobalSection
EndGlobal
